
Microsoft Visual Studio Solution File, Format Version 12.00
# Visual Studio 15
VisualStudioVersion = 15.0.28307.438
MinimumVisualStudioVersion = 10.0.40219.1
Project("{FAE04EC0-301F-11D3-BF4B-00C04F79EFBC}") = "StringIO_TextView", "StringIO_TextView\StringIO_TextView.csproj", "{093ED591-BAEB-4F49-99A2-9540100FDC72}"
EndProject
Global
	GlobalSection(SolutionConfigurationPlatforms) = preSolution
		Debug|Any CPU = Debug|Any CPU
		Release|Any CPU = Release|Any CPU
	EndGlobalSection
	GlobalSection(ProjectConfigurationPlatforms) = postSolution
		{093ED591-BAEB-4F49-99A2-9540100FDC72}.Debug|Any CPU.ActiveCfg = Debug|Any CPU
		{093ED591-BAEB-4F49-99A2-9540100FDC72}.Debug|Any CPU.Build.0 = Debug|Any CPU
		{093ED591-BAEB-4F49-99A2-9540100FDC72}.Release|Any CPU.ActiveCfg = Release|Any CPU
		{093ED591-BAEB-4F49-99A2-9540100FDC72}.Release|Any CPU.Build.0 = Release|Any CPU
	EndGlobalSection
	GlobalSection(SolutionProperties) = preSolution
		HideSolutionNode = FALSE
	EndGlobalSection
	GlobalSection(ExtensibilityGlobals) = postSolution
		SolutionGuid = {C1F4EFF3-59DD-4E4E-A3EC-25358B6C8DB3}
	EndGlobalSection
EndGlobal
